
Microsoft Visual Studio Solution File, Format Version 12.00
# Visual Studio 15
VisualStudioVersion = 15.0.28307.271
MinimumVisualStudioVersion = 10.0.40219.1
Project("{FAE04EC0-301F-11D3-BF4B-00C04F79EFBC}") = "NGordat.Net.XMLUtil", "NGordat.Net.XMLUtil\NGordat.Net.XMLUtil.csproj", "{3F3A279C-51C6-429A-BD23-87FDB3FE250B}"
EndProject
Global
	GlobalSection(SolutionConfigurationPlatforms) = preSolution
		Debug|Any CPU = Debug|Any CPU
		Release|Any CPU = Release|Any CPU
	EndGlobalSection
	GlobalSection(ProjectConfigurationPlatforms) = postSolution
		{3F3A279C-51C6-429A-BD23-87FDB3FE250B}.Debug|Any CPU.ActiveCfg = Debug|Any CPU
		{3F3A279C-51C6-429A-BD23-87FDB3FE250B}.Debug|Any CPU.Build.0 = Debug|Any CPU
		{3F3A279C-51C6-429A-BD23-87FDB3FE250B}.Release|Any CPU.ActiveCfg = Release|Any CPU
		{3F3A279C-51C6-429A-BD23-87FDB3FE250B}.Release|Any CPU.Build.0 = Release|Any CPU
	EndGlobalSection
	GlobalSection(SolutionProperties) = preSolution
		HideSolutionNode = FALSE
	EndGlobalSection
	GlobalSection(ExtensibilityGlobals) = postSolution
		SolutionGuid = {D2899971-4752-4E7F-8B5F-BE05E75EEF66}
	EndGlobalSection
EndGlobal
